
Microsoft Visual Studio Solution File, Format Version 11.00
# Visual Studio 2010
Project("{FAE04EC0-301F-11D3-BF4B-00C04F79EFBC}") = "Aweber", "Aweber\Aweber.csproj", "{AF3DB4AE-8B50-4332-9F3D-1611E2B89C12}"
EndProject
Project("{FAE04EC0-301F-11D3-BF4B-00C04F79EFBC}") = "Aweber.Tests", "Aweber.Tests\Aweber.Tests.csproj", "{0E727F8B-9C7C-4A65-8781-99D230F87714}"
EndProject
Project("{2150E333-8FDC-42A3-9474-1A3956D46DE8}") = "Solution Items", "Solution Items", "{FB71D1E6-3651-4A45-A6F8-D08DE0CBBDB4}"
	ProjectSection(SolutionItems) = preProject
		Aweber.vsmdi = Aweber.vsmdi
		Local.testsettings = Local.testsettings
		TraceAndTestImpact.testsettings = TraceAndTestImpact.testsettings
	EndProjectSection
EndProject
Global
	GlobalSection(TestCaseManagementSettings) = postSolution
		CategoryFile = Aweber.vsmdi
	EndGlobalSection
	GlobalSection(SolutionConfigurationPlatforms) = preSolution
		Debug|Any CPU = Debug|Any CPU
		Release|Any CPU = Release|Any CPU
	EndGlobalSection
	GlobalSection(ProjectConfigurationPlatforms) = postSolution
		{AF3DB4AE-8B50-4332-9F3D-1611E2B89C12}.Debug|Any CPU.ActiveCfg = Debug|Any CPU
		{AF3DB4AE-8B50-4332-9F3D-1611E2B89C12}.Debug|Any CPU.Build.0 = Debug|Any CPU
		{AF3DB4AE-8B50-4332-9F3D-1611E2B89C12}.Release|Any CPU.ActiveCfg = Release|Any CPU
		{AF3DB4AE-8B50-4332-9F3D-1611E2B89C12}.Release|Any CPU.Build.0 = Release|Any CPU
		{0E727F8B-9C7C-4A65-8781-99D230F87714}.Debug|Any CPU.ActiveCfg = Debug|Any CPU
		{0E727F8B-9C7C-4A65-8781-99D230F87714}.Debug|Any CPU.Build.0 = Debug|Any CPU
		{0E727F8B-9C7C-4A65-8781-99D230F87714}.Release|Any CPU.ActiveCfg = Release|Any CPU
		{0E727F8B-9C7C-4A65-8781-99D230F87714}.Release|Any CPU.Build.0 = Release|Any CPU
	EndGlobalSection
	GlobalSection(SolutionProperties) = preSolution
		HideSolutionNode = FALSE
	EndGlobalSection
EndGlobal
